{
  "name": "hardhat-project",
  "lockfileVersion": 2,
  "requires": true,
  "packages": {
    "": {
      "name": "hardhat-project",
      "devDependencies": {
        "@openzeppelin/contracts": "^4.6.0",
        "erc721a": "^3.3.0"
      }
    },
    "node_modules/@openzeppelin/contracts": {
      "version": "4.6.0",
      "resolved": "https://registry.npmjs.org/@openzeppelin/contracts/-/contracts-4.6.0.tgz",
      "integrity": "sha512-8vi4d50NNya/bQqCmaVzvHNmwHvS0OBKb7HNtuNwEE3scXWrP31fKQoGxNMT+KbzmrNZzatE3QK5p2gFONI/hg==",
      "dev": true
    },
    "node_modules/erc721a": {
      "version": "3.3.0",
      "resolved": "https://registry.npmjs.org/erc721a/-/erc721a-3.3.0.tgz",
      "integrity": "sha512-LqwmMcDPS3H9y7ZO+9B7R9sEoWApra17d4PwodXuP1072jP653jdo0TYkJbK4G5pBUFDdB5TCZwmJ6EQbmrysQ==",
      "dev": true,
      "dependencies": {
        "@openzeppelin/contracts": "^4.4.2"
      }
    }
  },
  "dependencies": {
    "@openzeppelin/contracts": {
      "version": "4.6.0",
      "resolved": "https://registry.npmjs.org/@openzeppelin/contracts/-/contracts-4.6.0.tgz",
      "integrity": "sha512-8vi4d50NNya/bQqCmaVzvHNmwHvS0OBKb7HNtuNwEE3scXWrP31fKQoGxNMT+KbzmrNZzatE3QK5p2gFONI/hg==",
      "dev": true
    },
    "erc721a": {
      "version": "3.3.0",
      "resolved": "https://registry.npmjs.org/erc721a/-/erc721a-3.3.0.tgz",
      "integrity": "sha512-LqwmMcDPS3H9y7ZO+9B7R9sEoWApra17d4PwodXuP1072jP653jdo0TYkJbK4G5pBUFDdB5TCZwmJ6EQbmrysQ==",
      "dev": true,
      "requires": {
        "@openzeppelin/contracts": "^4.4.2"
      }
    }
  }
}
